
Microsoft Visual Studio Solution File, Format Version 12.00
# Visual Studio 2012
Project("{FAE04EC0-301F-11D3-BF4B-00C04F79EFBC}") = "PlayGround.UI.TestHarness.iOS", "PlayGround.UI.TestHarness.iOS\PlayGround.UI.TestHarness.iOS.csproj", "{547A6AB3-7918-45F9-ABC8-E894D7F59121}"
EndProject
Global
	GlobalSection(SolutionConfigurationPlatforms) = preSolution
		Debug|Any CPU = Debug|Any CPU
		Release|Any CPU = Release|Any CPU
		Debug|iPhoneSimulator = Debug|iPhoneSimulator
		Release|iPhone = Release|iPhone
		Release|iPhoneSimulator = Release|iPhoneSimulator
		Debug|iPhone = Debug|iPhone
	EndGlobalSection
	GlobalSection(ProjectConfigurationPlatforms) = postSolution
		{547A6AB3-7918-45F9-ABC8-E894D7F59121}.Debug|Any CPU.ActiveCfg = Debug|iPhoneSimulator
		{547A6AB3-7918-45F9-ABC8-E894D7F59121}.Debug|Any CPU.Build.0 = Debug|iPhoneSimulator
		{547A6AB3-7918-45F9-ABC8-E894D7F59121}.Release|Any CPU.ActiveCfg = Release|iPhone
		{547A6AB3-7918-45F9-ABC8-E894D7F59121}.Release|Any CPU.Build.0 = Release|iPhone
		{547A6AB3-7918-45F9-ABC8-E894D7F59121}.Debug|iPhoneSimulator.ActiveCfg = Debug|iPhoneSimulator
		{547A6AB3-7918-45F9-ABC8-E894D7F59121}.Debug|iPhoneSimulator.Build.0 = Debug|iPhoneSimulator
		{547A6AB3-7918-45F9-ABC8-E894D7F59121}.Release|iPhone.ActiveCfg = Release|iPhone
		{547A6AB3-7918-45F9-ABC8-E894D7F59121}.Release|iPhone.Build.0 = Release|iPhone
		{547A6AB3-7918-45F9-ABC8-E894D7F59121}.Release|iPhoneSimulator.ActiveCfg = Release|iPhoneSimulator
		{547A6AB3-7918-45F9-ABC8-E894D7F59121}.Release|iPhoneSimulator.Build.0 = Release|iPhoneSimulator
		{547A6AB3-7918-45F9-ABC8-E894D7F59121}.Debug|iPhone.ActiveCfg = Debug|iPhone
		{547A6AB3-7918-45F9-ABC8-E894D7F59121}.Debug|iPhone.Build.0 = Debug|iPhone
	EndGlobalSection
EndGlobal
